
Microsoft Visual Studio Solution File, Format Version 12.00
# Visual Studio Version 17
VisualStudioVersion = 17.0.31903.59
MinimumVisualStudioVersion = 10.0.40219.1
Project("{9A19103F-16F7-4668-BE54-9A1E7A4F7556}") = "Game", "Game\Game.csproj", "{169F1326-A84C-45B0-B251-812FD37ABCA6}"
EndProject
Project("{FAE04EC0-301F-11D3-BF4B-00C04F79EFBC}") = "GameTests", "GameTests\GameTests.csproj", "{661F81D1-EE03-4AB5-AD5E-99CC1500D655}"
EndProject
Global
	GlobalSection(SolutionConfigurationPlatforms) = preSolution
		Debug|Any CPU = Debug|Any CPU
		Release|Any CPU = Release|Any CPU
	EndGlobalSection
	GlobalSection(ProjectConfigurationPlatforms) = postSolution
		{169F1326-A84C-45B0-B251-812FD37ABCA6}.Debug|Any CPU.ActiveCfg = Debug|Any CPU
		{169F1326-A84C-45B0-B251-812FD37ABCA6}.Debug|Any CPU.Build.0 = Debug|Any CPU
		{169F1326-A84C-45B0-B251-812FD37ABCA6}.Release|Any CPU.ActiveCfg = Release|Any CPU
		{169F1326-A84C-45B0-B251-812FD37ABCA6}.Release|Any CPU.Build.0 = Release|Any CPU
		{661F81D1-EE03-4AB5-AD5E-99CC1500D655}.Debug|Any CPU.ActiveCfg = Debug|Any CPU
		{661F81D1-EE03-4AB5-AD5E-99CC1500D655}.Debug|Any CPU.Build.0 = Debug|Any CPU
		{661F81D1-EE03-4AB5-AD5E-99CC1500D655}.Release|Any CPU.ActiveCfg = Release|Any CPU
		{661F81D1-EE03-4AB5-AD5E-99CC1500D655}.Release|Any CPU.Build.0 = Release|Any CPU
	EndGlobalSection
	GlobalSection(SolutionProperties) = preSolution
		HideSolutionNode = FALSE
	EndGlobalSection
	GlobalSection(ExtensibilityGlobals) = postSolution
		SolutionGuid = {E85A4AAA-D9BD-4C45-B5C8-9B668F317395}
	EndGlobalSection
EndGlobal
